<?xml version="1.0" encoding="utf-8"?>
<Project ToolsVersion="4.0" xmlns="http://schemas.microsoft.com/developer/msbuild/2003">
  <ItemGroup>
    <Filter Include="Source Files">
      <UniqueIdentifier>{4FC737F1-C7A5-4376-A066-2A32D752A2FF}</UniqueIdentifier>
      <Extensions>cpp;c;cc;cxx;def;odl;idl;hpj;bat;asm;asmx</Extensions>
    </Filter>
    <Filter Include="Header Files">
      <UniqueIdentifier>{93995380-89BD-4b04-88EB-625FBE52EBFB}</UniqueIdentifier>
      <Extensions>h;hh;hpp;hxx;hm;inl;inc;xsd</Extensions>
    </Filter>
    <Filter Include="Resource Files">
      <UniqueIdentifier>{67DA6AB6-F800-4c08-8B7A-83BB121AAD01}</UniqueIdentifier>
      <Extensions>rc;ico;cur;bmp;dlg;rc2;rct;bin;rgs;gif;jpg;jpeg;jpe;resx;tiff;tif;png;wav;mfcribbon-ms</Extensions>
    </Filter>
  </ItemGroup>
  <ItemGroup>
    <ClCompile Include="AssemblyInfo.cpp">
      <Filter>Source Files</Filter>
    </ClCompile>
    <ClCompile Include="BigPolyArithWrapper.cpp">
      <Filter>Source Files</Filter>
    </ClCompile>
    <ClCompile Include="BigPolyWrapper.cpp">
      <Filter>Source Files</Filter>
    </ClCompile>
    <ClCompile Include="BigUIntWrapper.cpp">
      <Filter>Source Files</Filter>
    </ClCompile>
    <ClCompile Include="ChooserWrapper.cpp">
      <Filter>Source Files</Filter>
    </ClCompile>
    <ClCompile Include="Common.cpp">
      <Filter>Source Files</Filter>
    </ClCompile>
    <ClCompile Include="DecryptorWrapper.cpp">
      <Filter>Source Files</Filter>
    </ClCompile>
    <ClCompile Include="EncoderWrapper.cpp">
      <Filter>Source Files</Filter>
    </ClCompile>
    <ClCompile Include="EncryptionParamsWrapper.cpp">
      <Filter>Source Files</Filter>
    </ClCompile>
    <ClCompile Include="EncryptorWrapper.cpp">
      <Filter>Source Files</Filter>
    </ClCompile>
    <ClCompile Include="EvaluatorWrapper.cpp">
      <Filter>Source Files</Filter>
    </ClCompile>
    <ClCompile Include="KeyGeneratorWrapper.cpp">
      <Filter>Source Files</Filter>
    </ClCompile>
    <ClCompile Include="SimulatorWrapper.cpp">
      <Filter>Source Files</Filter>
    </ClCompile>
    <ClCompile Include="UtilitiesWrapper.cpp">
      <Filter>Source Files</Filter>
    </ClCompile>
    <ClCompile Include="PolyCRTWrapper.cpp">
      <Filter>Source Files</Filter>
    </ClCompile>
    <ClCompile Include="BigPolyArrayWrapper.cpp">
      <Filter>Source Files</Filter>
    </ClCompile>
    <ClCompile Include="EvaluationKeysWrapper.cpp">
      <Filter>Source Files</Filter>
    </ClCompile>
    <ClCompile Include="MemoryPoolHandleWrapper.cpp">
      <Filter>Source Files</Filter>
    </ClCompile>
    <ClCompile Include="PlaintextWrapper.cpp">
      <Filter>Source Files</Filter>
    </ClCompile>
    <ClCompile Include="CiphertextWrapper.cpp">
      <Filter>Source Files</Filter>
    </ClCompile>
  </ItemGroup>
  <ItemGroup>
    <ClInclude Include="BigPolyArithWrapper.h">
      <Filter>Header Files</Filter>
    </ClInclude>
    <ClInclude Include="BigPolyWrapper.h">
      <Filter>Header Files</Filter>
    </ClInclude>
    <ClInclude Include="BigUIntWrapper.h">
      <Filter>Header Files</Filter>
    </ClInclude>
    <ClInclude Include="ChooserWrapper.h">
      <Filter>Header Files</Filter>
    </ClInclude>
    <ClInclude Include="Common.h">
      <Filter>Header Files</Filter>
    </ClInclude>
    <ClInclude Include="DecryptorWrapper.h">
      <Filter>Header Files</Filter>
    </ClInclude>
    <ClInclude Include="EncoderWrapper.h">
      <Filter>Header Files</Filter>
    </ClInclude>
    <ClInclude Include="EncryptionParamsWrapper.h">
      <Filter>Header Files</Filter>
    </ClInclude>
    <ClInclude Include="EncryptorWrapper.h">
      <Filter>Header Files</Filter>
    </ClInclude>
    <ClInclude Include="EvaluatorWrapper.h">
      <Filter>Header Files</Filter>
    </ClInclude>
    <ClInclude Include="KeyGeneratorWrapper.h">
      <Filter>Header Files</Filter>
    </ClInclude>
    <ClInclude Include="SimulatorWrapper.h">
      <Filter>Header Files</Filter>
    </ClInclude>
    <ClInclude Include="UtilitiesWrapper.h">
      <Filter>Header Files</Filter>
    </ClInclude>
    <ClInclude Include="PolyCRTWrapper.h">
      <Filter>Header Files</Filter>
    </ClInclude>
    <ClInclude Include="BigPolyArrayWrapper.h">
      <Filter>Header Files</Filter>
    </ClInclude>
    <ClInclude Include="EvaluationKeysWrapper.h">
      <Filter>Header Files</Filter>
    </ClInclude>
    <ClInclude Include="MemoryPoolHandleWrapper.h">
      <Filter>Header Files</Filter>
    </ClInclude>
    <ClInclude Include="PlaintextWrapper.h">
      <Filter>Header Files</Filter>
    </ClInclude>
    <ClInclude Include="CiphertextWrapper.h">
      <Filter>Header Files</Filter>
    </ClInclude>
  </ItemGroup>
</Project>